// !$*UTF8*$!
{
	archiveVersion = 1;
	classes = {
	};
	objectVersion = 56;
	objects = {

/* Begin PBXBuildFile section */
		83A1B6D02B6D9C1D00D8F933 /* MotoTrackerApp.swift in Sources */ = {isa = PBXBuildFile; fileRef = 83A1B6CF2B6D9C1D00D8F933 /* MotoTrackerApp.swift */; };
		83A1B6D22B6D9C1D00D8F933 /* ContentView.swift in Sources */ = {isa = PBXBuildFile; fileRef = 83A1B6D12B6D9C1D00D8F933 /* ContentView.swift */; };
		83A1B6D42B6D9C1F00D8F933 /* Assets.xcassets in Resources */ = {isa = PBXBuildFile; fileRef = 83A1B6D32B6D9C1F00D8F933 /* Assets.xcassets */; };
		83A1B6D72B6D9C1F00D8F933 /* Preview Assets.xcassets in Resources */ = {isa = PBXBuildFile; fileRef = 83A1B6D62B6D9C1F00D8F933 /* Preview Assets.xcassets */; };
		83A1B6E12B6D9C9200D8F933 /* LocationManager.swift in Sources */ = {isa = PBXBuildFile; fileRef = 83A1B6E02B6D9C9200D8F933 /* LocationManager.swift */; };
		83A1B6E32B6D9CAF00D8F933 /* RideModel.swift in Sources */ = {isa = PBXBuildFile; fileRef = 83A1B6E22B6D9CAF00D8F933 /* RideModel.swift */; };
		83A1B6E52B6D9CDF00D8F933 /* RideManager.swift in Sources */ = {isa = PBXBuildFile; fileRef = 83A1B6E42B6D9CDF00D8F933 /* RideManager.swift */; };
		83A1B6E72B6D9CF900D8F933 /* MapView.swift in Sources */ = {isa = PBXBuildFile; fileRef = 83A1B6E62B6D9CF900D8F933 /* MapView.swift */; };
		83A1B6E92B6D9D1500D8F933 /* RideListView.swift in Sources */ = {isa = PBXBuildFile; fileRef = 83A1B6E82B6D9D1500D8F933 /* RideListView.swift */; };
		83A1B6EB2B6D9D3100D8F933 /* RideDetailView.swift in Sources */ = {isa = PBXBuildFile; fileRef = 83A1B6EA2B6D9D3100D8F933 /* RideDetailView.swift */; };
		83A1B6ED2B6D9D5000D8F933 /* ActiveRideView.swift in Sources */ = {isa = PBXBuildFile; fileRef = 83A1B6EC2B6D9D5000D8F933 /* ActiveRideView.swift */; };
		83A1B6EF2B6D9D6E00D8F933 /* StatsView.swift in Sources */ = {isa = PBXBuildFile; fileRef = 83A1B6EE2B6D9D6E00D8F933 /* StatsView.swift */; };
/* End PBXBuildFile section */

/* Begin PBXFileReference section */
		83A1B6CC2B6D9C1D00D8F933 /* MotoTracker.app */ = {isa = PBXFileReference; explicitFileType = wrapper.application; includeInIndex = 0; path = MotoTracker.app; sourceTree = BUILT_PRODUCTS_DIR; };
		83A1B6CF2B6D9C1D00D8F933 /* MotoTrackerApp.swift */ = {isa = PBXFileReference; lastKnownFileType = sourcecode.swift; path = MotoTrackerApp.swift; sourceTree = "<group>"; };
		83A1B6D12B6D9C1D00D8F933 /* ContentView.swift */ = {isa = PBXFileReference; lastKnownFileType = sourcecode.swift; path = ContentView.swift; sourceTree = "<group>"; };
		83A1B6D32B6D9C1F00D8F933 /* Assets.xcassets */ = {isa = PBXFileReference; lastKnownFileType = folder.assetcatalog; path = Assets.xcassets; sourceTree = "<group>"; };
		83A1B6D62B6D9C1F00D8F933 /* Preview Assets.xcassets */ = {isa = PBXFileReference; lastKnownFileType = folder.assetcatalog; path = "Preview Assets.xcassets"; sourceTree = "<group>"; };
		83A1B6E02B6D9C9200D8F933 /* LocationManager.swift */ = {isa = PBXFileReference; lastKnownFileType = sourcecode.swift; path = LocationManager.swift; sourceTree = "<group>"; };
		83A1B6E22B6D9CAF00D8F933 /* RideModel.swift */ = {isa = PBXFileReference; lastKnownFileType = sourcecode.swift; path = RideModel.swift; sourceTree = "<group>"; };
		83A1B6E42B6D9CDF00D8F933 /* RideManager.swift */ = {isa = PBXFileReference; lastKnownFileType = sourcecode.swift; path = RideManager.swift; sourceTree = "<group>"; };
		83A1B6E62B6D9CF900D8F933 /* MapView.swift */ = {isa = PBXFileReference; lastKnownFileType = sourcecode.swift; path = MapView.swift; sourceTree = "<group>"; };
		83A1B6E82B6D9D1500D8F933 /* RideListView.swift */ = {isa = PBXFileReference; lastKnownFileType = sourcecode.swift; path = RideListView.swift; sourceTree = "<group>"; };
		83A1B6EA2B6D9D3100D8F933 /* RideDetailView.swift */ = {isa = PBXFileReference; lastKnownFileType = sourcecode.swift; path = RideDetailView.swift; sourceTree = "<group>"; };
		83A1B6EC2B6D9D5000D8F933 /* ActiveRideView.swift */ = {isa = PBXFileReference; lastKnownFileType = sourcecode.swift; path = ActiveRideView.swift; sourceTree = "<group>"; };
		83A1B6EE2B6D9D6E00D8F933 /* StatsView.swift */ = {isa = PBXFileReference; lastKnownFileType = sourcecode.swift; path = StatsView.swift; sourceTree = "<group>"; };
		83A1B6F02B6DA23D00D8F933 /* Info.plist */ = {isa = PBXFileReference; lastKnownFileType = text.plist; path = Info.plist; sourceTree = "<group>"; };
/* End PBXFileReference section */

/* Begin PBXFrameworksBuildPhase section */
		83A1B6C92B6D9C1D00D8F933 /* Frameworks */ = {
			isa = PBXFrameworksBuildPhase;
			buildActionMask = 2147483647;
			files = (
			);
			runOnlyForDeploymentPostprocessing = 0;
		};
/* End PBXFrameworksBuildPhase section */

/* Begin PBXGroup section */
		83A1B6C32B6D9C1D00D8F933 = {
			isa = PBXGroup;
			children = (
				83A1B6CE2B6D9C1D00D8F933 /* MotoTracker */,
				83A1B6CD2B6D9C1D00D8F933 /* Products */,
			);
			sourceTree = "<group>";
		};
		83A1B6CD2B6D9C1D00D8F933 /* Products */ = {
			isa = PBXGroup;
			children = (
				83A1B6CC2B6D9C1D00D8F933 /* MotoTracker.app */,
			);
			name = Products;
			sourceTree = "<group>";
		};
		83A1B6CE2B6D9C1D00D8F933 /* MotoTracker */ = {
			isa = PBXGroup;
			children = (
				83A1B6F02B6DA23D00D8F933 /* Info.plist */,
				83A1B6DF2B6D9C8100D8F933 /* Services */,
				83A1B6DE2B6D9C7800D8F933 /* Models */,
				83A1B6DD2B6D9C6D00D8F933 /* Views */,
				83A1B6CF2B6D9C1D00D8F933 /* MotoTrackerApp.swift */,
				83A1B6D12B6D9C1D00D8F933 /* ContentView.swift */,
				83A1B6D32B6D9C1F00D8F933 /* Assets.xcassets */,
				83A1B6D52B6D9C1F00D8F933 /* Preview Content */,
			);
			path = MotoTracker;
			sourceTree = "<group>";
		};
		83A1B6D52B6D9C1F00D8F933 /* Preview Content */ = {
			isa = PBXGroup;
			children = (
				83A1B6D62B6D9C1F00D8F933 /* Preview Assets.xcassets */,
			);
			path = "Preview Content";
			sourceTree = "<group>";
		};
		83A1B6DD2B6D9C6D00D8F933 /* Views */ = {
			isa = PBXGroup;
			children = (
				83A1B6E62B6D9CF900D8F933 /* MapView.swift */,
				83A1B6E82B6D9D1500D8F933 /* RideListView.swift */,
				83A1B6EA2B6D9D3100D8F933 /* RideDetailView.swift */,
				83A1B6EC2B6D9D5000D8F933 /* ActiveRideView.swift */,
				83A1B6EE2B6D9D6E00D8F933 /* StatsView.swift */,
			);
			path = Views;
			sourceTree = "<group>";
		};
		83A1B6DE2B6D9C7800D8F933 /* Models */ = {
			isa = PBXGroup;
			children = (
				83A1B6E22B6D9CAF00D8F933 /* RideModel.swift */,
			);
			path = Models;
			sourceTree = "<group>";
		};
		83A1B6DF2B6D9C8100D8F933 /* Services */ = {
			isa = PBXGroup;
			children = (
				83A1B6E02B6D9C9200D8F933 /* LocationManager.swift */,
				83A1B6E42B6D9CDF00D8F933 /* RideManager.swift */,
			);
			path = Services;
			sourceTree = "<group>";
		};
/* End PBXGroup section */

/* Begin PBXNativeTarget section */
		83A1B6CB2B6D9C1D00D8F933 /* MotoTracker */ = {
			isa = PBXNativeTarget;
			buildConfigurationList = 83A1B6DA2B6D9C1F00D8F933 /* Build configuration list for PBXNativeTarget "MotoTracker" */;
			buildPhases = (
				83A1B6C82B6D9C1D00D8F933 /* Sources */,
				83A1B6C92B6D9C1D00D8F933 /* Frameworks */,
				83A1B6CA2B6D9C1D00D8F933 /* Resources */,
			);
			buildRules = (
			);
			dependencies = (
			);
			name = MotoTracker;
			productName = MotoTracker;
			productReference = 83A1B6CC2B6D9C1D00D8F933 /* MotoTracker.app */;
			productType = "com.apple.product-type.application";
		};
/* End PBXNativeTarget section */

/* Begin PBXProject section */
		83A1B6C42B6D9C1D00D8F933 /* Project object */ = {
			isa = PBXProject;
			attributes = {
				BuildIndependentTargetsInParallel = 1;
				LastSwiftUpdateCheck = 1500;
				LastUpgradeCheck = 1500;
				TargetAttributes = {
					83A1B6CB2B6D9C1D00D8F933 = {
						CreatedOnToolsVersion = 15.0;
					};
				};
			};
			buildConfigurationList = 83A1B6C72B6D9C1D00D8F933 /* Build configuration list for PBXProject "MotoTracker" */;
			compatibilityVersion = "Xcode 14.0";
			developmentRegion = en;
			hasScannedForEncodings = 0;
			knownRegions = (
				en,
				Base,
			);
			mainGroup = 83A1B6C32B6D9C1D00D8F933;
			productRefGroup = 83A1B6CD2B6D9C1D00D8F933 /* Products */;
			projectDirPath = "";
			projectRoot = "";
			targets = (
				83A1B6CB2B6D9C1D00D8F933 /* MotoTracker */,
			);
		};
/* End PBXProject section */

/* Begin PBXResourcesBuildPhase section */
		83A1B6CA2B6D9C1D00D8F933 /* Resources */ = {
			isa = PBXResourcesBuildPhase;
			buildActionMask = 2147483647;
			files = (
				83A1B6D72B6D9C1F00D8F933 /* Preview Assets.xcassets in Resources */,
				83A1B6D42B6D9C1F00D8F933 /* Assets.xcassets in Resources */,
			);
			runOnlyForDeploymentPostprocessing = 0;
		};
/* End PBXResourcesBuildPhase section */

/* Begin PBXSourcesBuildPhase section */
		83A1B6C82B6D9C1D00D8F933 /* Sources */ = {
			isa = PBXSourcesBuildPhase;
			buildActionMask = 2147483647;
			files = (
				83A1B6E92B6D9D1500D8F933 /* RideListView.swift in Sources */,
				83A1B6E12B6D9C9200D8F933 /* LocationManager.swift in Sources */,
				83A1B6E32B6D9CAF00D8F933 /* RideModel.swift in Sources */,
				83A1B6ED2B6D9D5000D8F933 /* ActiveRideView.swift in Sources */,
				83A1B6D22B6D9C1D00D8F933 /* ContentView.swift in Sources */,
				83A1B6E52B6D9CDF00D8F933 /* RideManager.swift in Sources */,
				83A1B6EF2B6D9D6E00D8F933 /* StatsView.swift in Sources */,
				83A1B6EB2B6D9D3100D8F933 /* RideDetailView.swift in Sources */,
				83A1B6D02B6D9C1D00D8F933 /* MotoTrackerApp.swift in Sources */,
				83A1B6E72B6D9CF900D8F933 /* MapView.swift in Sources */,
			);
			runOnlyForDeploymentPostprocessing = 0;
		};
/* End PBXSourcesBuildPhase section */

/* Begin XCBuildConfiguration section */
		83A1B6D82B6D9C1F00D8F933 /* Debug */ = {
			isa = XCBuildConfiguration;
			buildSettings = {
				ALWAYS_SEARCH_USER_PATHS = NO;
				ASSETCATALOG_COMPILER_GENERATE_SWIFT_ASSET_SYMBOL_EXTENSIONS = YES;
				CLANG_ANALYZER_NONNULL = YES;
				CLANG_ANALYZER_NUMBER_OBJECT_CONVERSION = YES_AGGRESSIVE;
				CLANG_CXX_LANGUAGE_STANDARD = "gnu++20";
				CLANG_ENABLE_MODULES = YES;
				CLANG_ENABLE_OBJC_ARC = YES;
				CLANG_ENABLE_OBJC_WEAK = YES;
				CLANG_WARN_BLOCK_CAPTURE_AUTORELEASING = YES;
				CLANG_WARN_BOOL_CONVERSION = YES;
				CLANG_WARN_COMMA = YES;
				CLANG_WARN_CONSTANT_CONVERSION = YES;
				CLANG_WARN_DEPRECATED_OBJC_IMPLEMENTATIONS = YES;
				CLANG_WARN_DIRECT_OBJC_ISA_USAGE = YES_ERROR;
				CLANG_WARN_DOCUMENTATION_COMMENTS = YES;
				CLANG_WARN_EMPTY_BODY = YES;
				CLANG_WARN_ENUM_CONVERSION = YES;
				CLANG_WARN_INFINITE_RECURSION = YES;
				CLANG_WARN_INT_CONVERSION = YES;
				CLANG_WARN_NON_LITERAL_NULL_CONVERSION = YES;
				CLANG_WARN_OBJC_IMPLICIT_RETAIN_SELF = YES;
				CLANG_WARN_OBJC_LITERAL_CONVERSION = YES;
				CLANG_WARN_OBJC_ROOT_CLASS = YES_ERROR;
				CLANG_WARN_QUOTED_INCLUDE_IN_FRAMEWORK_HEADER = YES;
				CLANG_WARN_RANGE_LOOP_ANALYSIS = YES;
				CLANG_WARN_STRICT_PROTOTYPES = YES;
				CLANG_WARN_SUSPICIOUS_MOVE = YES;
				CLANG_WARN_UNGUARDED_AVAILABILITY = YES_AGGRESSIVE;
				CLANG_WARN_UNREACHABLE_CODE = YES;
				CLANG_WARN__DUPLICATE_METHOD_MATCH = YES;
				COPY_PHASE_STRIP = NO;
				DEBUG_INFORMATION_FORMAT = dwarf;
				ENABLE_STRICT_OBJC_MSGSEND = YES;
				ENABLE_TESTABILITY = YES;
				ENABLE_USER_SCRIPT_SANDBOXING = YES;
				GCC_C_LANGUAGE_STANDARD = gnu17;
				GCC_DYNAMIC_NO_PIC = NO;
				GCC_NO_COMMON_BLOCKS = YES;
				GCC_OPTIMIZATION_LEVEL = 0;
				GCC_PREPROCESSOR_DEFINITIONS = (
					"DEBUG=1",
					"$(inherited)",
				);
				GCC_WARN_64_TO_32_BIT_CONVERSION = YES;
				GCC_WARN_ABOUT_RETURN_TYPE = YES_ERROR;
				GCC_WARN_UNDECLARED_SELECTOR = YES;
				GCC_WARN_UNINITIALIZED_AUTOS = YES_AGGRESSIVE;
				GCC_WARN_UNUSED_FUNCTION = YES;
				GCC_WARN_UNUSED_VARIABLE = YES;
				IPHONEOS_DEPLOYMENT_TARGET = 17.0;
				LOCALIZATION_PREFERS_STRING_CATALOGS = YES;
				MTL_ENABLE_DEBUG_INFO = INCLUDE_SOURCE;
				MTL_FAST_MATH = YES;
				ONLY_ACTIVE_ARCH = YES;
				SDKROOT = iphoneos;
				SWIFT_ACTIVE_COMPILATION_CONDITIONS = "DEBUG $(inherited)";
				SWIFT_OPTIMIZATION_LEVEL = "-Onone";
			};
			name = Debug;
		};
		83A1B6D92B6D9C1F00D8F933 /* Release */ = {
			isa = XCBuildConfiguration;
			buildSettings = {
				ALWAYS_SEARCH_USER_PATHS = NO;
				ASSETCATALOG_COMPILER_GENERATE_SWIFT_ASSET_SYMBOL_EXTENSIONS = YES;
				CLANG_ANALYZER_NONNULL = YES;
				CLANG_ANALYZER_NUMBER_OBJECT_CONVERSION = YES_AGGRESSIVE;
				CLANG_CXX_LANGUAGE_STANDARD = "gnu++20";
				CLANG_ENABLE_MODULES = YES;
				CLANG_ENABLE_OBJC_ARC = YES;
				CLANG_ENABLE_OBJC_WEAK = YES;
				CLANG_WARN_BLOCK_CAPTURE_AUTORELEASING = YES;
				CLANG_WARN_BOOL_CONVERSION = YES;
				CLANG_WARN_COMMA = YES;
				CLANG_WARN_CONSTANT_CONVERSION = YES;
				CLANG_WARN_DEPRECATED_OBJC_IMPLEMENTATIONS = YES;
				CLANG_WARN_DIRECT_OBJC_ISA_USAGE = YES_ERROR;
				CLANG_WARN_DOCUMENTATION_COMMENTS = YES;
				CLANG_WARN_EMPTY_BODY = YES;
				CLANG_WARN_ENUM_CONVERSION = YES;
				CLANG_WARN_INFINITE_RECURSION = YES;
				CLANG_WARN_INT_CONVERSION = YES;
				CLANG_WARN_NON_LITERAL_NULL_CONVERSION = YES;
				CLANG_WARN_OBJC_IMPLICIT_RETAIN_SELF = YES;
				CLANG_WARN_OBJC_LITERAL_CONVERSION = YES;
				CLANG_WARN_OBJC_ROOT_CLASS = YES_ERROR;
				CLANG_WARN_QUOTED_INCLUDE_IN_FRAMEWORK_HEADER = YES;
				CLANG_WARN_RANGE_LOOP_ANALYSIS = YES;
				CLANG_WARN_STRICT_PROTOTYPES = YES;
				CLANG_WARN_SUSPICIOUS_MOVE = YES;
				CLANG_WARN_UNGUARDED_AVAILABILITY = YES_AGGRESSIVE;
				CLANG_WARN_UNREACHABLE_CODE = YES;
				CLANG_WARN__DUPLICATE_METHOD_MATCH = YES;
				COPY_PHASE_STRIP = NO;
				DEBUG_INFORMATION_FORMAT = "dwarf-with-dsym";
				ENABLE_NS_ASSERTIONS = NO;
				ENABLE_STRICT_OBJC_MSGSEND = YES;
				ENABLE_USER_SCRIPT_SANDBOXING = YES;
				GCC_C_LANGUAGE_STANDARD = gnu17;
				GCC_NO_COMMON_BLOCKS = YES;
				GCC_WARN_64_TO_32_BIT_CONVERSION = YES;
				GCC_WARN_ABOUT_RETURN_TYPE = YES_ERROR;
				GCC_WARN_UNDECLARED_SELECTOR = YES;
				GCC_WARN_UNINITIALIZED_AUTOS = YES_AGGRESSIVE;
				GCC_WARN_UNUSED_FUNCTION = YES;
				GCC_WARN_UNUSED_VARIABLE = YES;
				IPHONEOS_DEPLOYMENT_TARGET = 17.0;
				LOCALIZATION_PREFERS_STRING_CATALOGS = YES;
				MTL_ENABLE_DEBUG_INFO = NO;
				MTL_FAST_MATH = YES;
				SDKROOT = iphoneos;
				SWIFT_COMPILATION_MODE = wholemodule;
				VALIDATE_PRODUCT = YES;
			};
			name = Release;
		};
		83A1B6DB2B6D9C1F00D8F933 /* Debug */ = {
			isa = XCBuildConfiguration;
			buildSettings = {
				ASSETCATALOG_COMPILER_APPICON_NAME = AppIcon;
				ASSETCATALOG_COMPILER_GLOBAL_ACCENT_COLOR_NAME = AccentColor;
				CODE_SIGN_STYLE = Automatic;
				CURRENT_PROJECT_VERSION = 1;
				DEVELOPMENT_ASSET_PATHS = "\"MotoTracker/Preview Content\"";
				DEVELOPMENT_TEAM = "";
				ENABLE_PREVIEWS = YES;
				GENERATE_INFOPLIST_FILE = YES;
				INFOPLIST_FILE = MotoTracker/Info.plist;
				INFOPLIST_KEY_NSLocationWhenInUseUsageDescription = "MotoTracker uses your location to track your motorcycle rides.";
				INFOPLIST_KEY_NSLocationAlwaysAndWhenInUseUsageDescription = "MotoTracker uses your location to track your motorcycle rides even when the app is in the background.";
				INFOPLIST_KEY_UIApplicationSceneManifest_Generation = YES;
				INFOPLIST_KEY_UIApplicationSupportsIndirectInputEvents = YES;
				INFOPLIST_KEY_UILaunchScreen_Generation = YES;
				INFOPLIST_KEY_UISupportedInterfaceOrientations_iPad = "UIInterfaceOrientationPortrait UIInterfaceOrientationPortraitUpsideDown UIInterfaceOrientationLandscapeLeft UIInterfaceOrientationLandscapeRight";
				INFOPLIST_KEY_UISupportedInterfaceOrientations_iPhone = "UIInterfaceOrientationPortrait UIInterfaceOrientationLandscapeLeft UIInterfaceOrientationLandscapeRight";
				LD_RUNPATH_SEARCH_PATHS = (
					"$(inherited)",
					"@executable_path/Frameworks",
				);
				MARKETING_VERSION = 1.0;
				PRODUCT_BUNDLE_IDENTIFIER = com.example.MotoTracker;
				PRODUCT_NAME = "$(TARGET_NAME)";
				SWIFT_EMIT_LOC_STRINGS = YES;
				SWIFT_VERSION = 5.0;
				TARGETED_DEVICE_FAMILY = "1,2";
			};
			name = Debug;
		};
		83A1B6DC2B6D9C1F00D8F933 /* Release */ = {
			isa = XCBuildConfiguration;
			buildSettings = {
				ASSETCATALOG_COMPILER_APPICON_NAME = AppIcon;
				ASSETCATALOG_COMPILER_GLOBAL_ACCENT_COLOR_NAME = AccentColor;
				CODE_SIGN_STYLE = Automatic;
				CURRENT_PROJECT_VERSION = 1;
				DEVELOPMENT_ASSET_PATHS = "\"MotoTracker/Preview Content\"";
				DEVELOPMENT_TEAM = "";
				ENABLE_PREVIEWS = YES;
				GENERATE_INFOPLIST_FILE = YES;
				INFOPLIST_FILE = MotoTracker/Info.plist;
				INFOPLIST_KEY_NSLocationWhenInUseUsageDescription = "MotoTracker uses your location to track your motorcycle rides.";
				INFOPLIST_KEY_NSLocationAlwaysAndWhenInUseUsageDescription = "MotoTracker uses your location to track your motorcycle rides even when the app is in the background.";
				INFOPLIST_KEY_UIApplicationSceneManifest_Generation = YES;
				INFOPLIST_KEY_UIApplicationSupportsIndirectInputEvents = YES;
				INFOPLIST_KEY_UILaunchScreen_Generation = YES;
				INFOPLIST_KEY_UISupportedInterfaceOrientations_iPad = "UIInterfaceOrientationPortrait UIInterfaceOrientationPortraitUpsideDown UIInterfaceOrientationLandscapeLeft UIInterfaceOrientationLandscapeRight";
				INFOPLIST_KEY_UISupportedInterfaceOrientations_iPhone = "UIInterfaceOrientationPortrait UIInterfaceOrientationLandscapeLeft UIInterfaceOrientationLandscapeRight";
				LD_RUNPATH_SEARCH_PATHS = (
					"$(inherited)",
					"@executable_path/Frameworks",
				);
				MARKETING_VERSION = 1.0;
				PRODUCT_BUNDLE_IDENTIFIER = com.example.MotoTracker;
				PRODUCT_NAME = "$(TARGET_NAME)";
				SWIFT_EMIT_LOC_STRINGS = YES;
				SWIFT_VERSION = 5.0;
				TARGETED_DEVICE_FAMILY = "1,2";
			};
			name = Release;
		};
/* End XCBuildConfiguration section */

/* Begin XCConfigurationList section */
		83A1B6C72B6D9C1D00D8F933 /* Build configuration list for PBXProject "MotoTracker" */ = {
			isa = XCConfigurationList;
			buildConfigurations = (
				83A1B6D82B6D9C1F00D8F933 /* Debug */,
				83A1B6D92B6D9C1F00D8F933 /* Release */,
			);
			defaultConfigurationIsVisible = 0;
			defaultConfigurationName = Release;
		};
		83A1B6DA2B6D9C1F00D8F933 /* Build configuration list for PBXNativeTarget "MotoTracker" */ = {
			isa = XCConfigurationList;
			buildConfigurations = (
				83A1B6DB2B6D9C1F00D8F933 /* Debug */,
				83A1B6DC2B6D9C1F00D8F933 /* Release */,
			);
			defaultConfigurationIsVisible = 0;
			defaultConfigurationName = Release;
		};
/* End XCConfigurationList section */
	};
	rootObject = 83A1B6C42B6D9C1D00D8F933 /* Project object */;
} 